train:
  cmd: python src/train.py
  deps:
  - path: data/prepared
    md5: cf73c24cac8807bd7c1c934b038f8556.dir
  - path: src/train.py
    md5: ad87e302334a62836908ffe55e222497
  outs:
  - path: model.pkl
    md5: d3312ac1722d78c9426f8b69997e2040
prepare:
  cmd: python src/prepare.py
  deps:
  - path: data/iris.csv
    md5: 72de67d2f0a43b9f53c08f399d9e96ef
  - path: src/prepare.py
    md5: cff450878ef5b88b56d2a50b97c13102
  outs:
  - path: data/prepared
    md5: cf73c24cac8807bd7c1c934b038f8556.dir
